
Microsoft Visual Studio Solution File, Format Version 12.00
# Visual Studio 15
Project("{FAE04EC0-301F-11D3-BF4B-00C04F79EFBC}") = "UnityEngine.TestRunner", "UnityEngine.TestRunner.csproj", "{02BA3F80-25EE-5ADE-5328-22575331E469}"
EndProject
Project("{FAE04EC0-301F-11D3-BF4B-00C04F79EFBC}") = "Unity.Mathematics", "Unity.Mathematics.csproj", "{8A905859-9D4B-45C5-51DF-564A858E9A62}"
EndProject
Project("{FAE04EC0-301F-11D3-BF4B-00C04F79EFBC}") = "Unity.2D.Animation.Triangle.Runtime", "Unity.2D.Animation.Triangle.Runtime.csproj", "{E1B54807-BDFF-0958-C6F9-E52C0D18868F}"
EndProject
Project("{FAE04EC0-301F-11D3-BF4B-00C04F79EFBC}") = "Unity.Timeline", "Unity.Timeline.csproj", "{80EB456F-15F0-75BB-6FE1-6AE397A4F9EA}"
EndProject
Project("{FAE04EC0-301F-11D3-BF4B-00C04F79EFBC}") = "Assembly-CSharp", "Assembly-CSharp.csproj", "{B27E7F77-CFB6-408E-FDDD-ECFF02C245B4}"
EndProject
Project("{FAE04EC0-301F-11D3-BF4B-00C04F79EFBC}") = "UnityEngine.UI", "UnityEngine.UI.csproj", "{724B0D5D-9ADD-4AB1-11B4-A8B0BD45A44E}"
EndProject
Project("{FAE04EC0-301F-11D3-BF4B-00C04F79EFBC}") = "Unity.TextMeshPro", "Unity.TextMeshPro.csproj", "{E1D0D2E6-6FD9-CC1F-EA89-9F3A4249C5F4}"
EndProject
Project("{FAE04EC0-301F-11D3-BF4B-00C04F79EFBC}") = "Unity.2D.Animation.Runtime", "Unity.2D.Animation.Runtime.csproj", "{FED86F69-1A09-11DF-79F3-AC921F1E214E}"
EndProject
Project("{FAE04EC0-301F-11D3-BF4B-00C04F79EFBC}") = "Unity.2D.IK.Runtime", "Unity.2D.IK.Runtime.csproj", "{C55D49C7-7CD5-B1A2-AE9E-22456CB7BF91}"
EndProject
Project("{FAE04EC0-301F-11D3-BF4B-00C04F79EFBC}") = "Unity.2D.SpriteShape.Runtime", "Unity.2D.SpriteShape.Runtime.csproj", "{14F7DC3F-43DE-F57F-E689-B976CD6FB7C1}"
EndProject
Project("{FAE04EC0-301F-11D3-BF4B-00C04F79EFBC}") = "Unity.2D.PixelPerfect", "Unity.2D.PixelPerfect.csproj", "{EFAC07AB-5EF3-C7CD-072A-6AED6C4B5DB7}"
EndProject
Project("{FAE04EC0-301F-11D3-BF4B-00C04F79EFBC}") = "Unity.2D.Common.Runtime", "Unity.2D.Common.Runtime.csproj", "{10F3B3D2-5BE3-AC19-F7B2-4A3E20FB41C0}"
EndProject
Project("{FAE04EC0-301F-11D3-BF4B-00C04F79EFBC}") = "Unity.InternalAPIEngineBridge.001", "Unity.InternalAPIEngineBridge.001.csproj", "{251BE466-B822-A2AB-2516-A884579BF0C1}"
EndProject
Project("{FAE04EC0-301F-11D3-BF4B-00C04F79EFBC}") = "UnityEditor.TestRunner", "UnityEditor.TestRunner.csproj", "{7930A8A5-F16C-B609-1909-1F3DEB9B5D81}"
EndProject
Project("{FAE04EC0-301F-11D3-BF4B-00C04F79EFBC}") = "Unity.PlasticSCM.Editor", "Unity.PlasticSCM.Editor.csproj", "{ECED8160-89DE-4BE9-7AED-16C8754F831D}"
EndProject
Project("{FAE04EC0-301F-11D3-BF4B-00C04F79EFBC}") = "UnityEditor.UI", "UnityEditor.UI.csproj", "{6C53A211-FA37-3743-BAD2-3F1B3D56252A}"
EndProject
Project("{FAE04EC0-301F-11D3-BF4B-00C04F79EFBC}") = "Unity.Services.Core.Editor", "Unity.Services.Core.Editor.csproj", "{428DB7E3-0030-34B7-B3AB-78906F4DBB29}"
EndProject
Project("{FAE04EC0-301F-11D3-BF4B-00C04F79EFBC}") = "Unity.Timeline.Editor", "Unity.Timeline.Editor.csproj", "{4B8B4608-0AE0-974A-51DD-B59B030EF57D}"
EndProject
Project("{FAE04EC0-301F-11D3-BF4B-00C04F79EFBC}") = "Unity.VisualStudio.Editor", "Unity.VisualStudio.Editor.csproj", "{836AFB86-AEB7-5C21-CA59-6AE4699F0EBB}"
EndProject
Project("{FAE04EC0-301F-11D3-BF4B-00C04F79EFBC}") = "Unity.2D.Psdimporter.Editor", "Unity.2D.Psdimporter.Editor.csproj", "{2126B402-A74D-1E82-1CF0-3662ADD02FE9}"
EndProject
Project("{FAE04EC0-301F-11D3-BF4B-00C04F79EFBC}") = "Unity.2D.Animation.Editor", "Unity.2D.Animation.Editor.csproj", "{FF13C74B-8301-8C71-1D98-74C9A0FB4D3D}"
EndProject
Project("{FAE04EC0-301F-11D3-BF4B-00C04F79EFBC}") = "Unity.TextMeshPro.Editor", "Unity.TextMeshPro.Editor.csproj", "{348E08E8-7D9A-6406-35CD-BB04DC3ABF3A}"
EndProject
Project("{FAE04EC0-301F-11D3-BF4B-00C04F79EFBC}") = "Unity.2D.SpriteShape.Editor", "Unity.2D.SpriteShape.Editor.csproj", "{D5940022-7FEC-C391-B2BD-16C32B225910}"
EndProject
Project("{FAE04EC0-301F-11D3-BF4B-00C04F79EFBC}") = "Unity.CollabProxy.Editor", "Unity.CollabProxy.Editor.csproj", "{97B56611-D91B-D6C2-F5CD-7894FC5D9E51}"
EndProject
Project("{FAE04EC0-301F-11D3-BF4B-00C04F79EFBC}") = "PsdPlugin", "PsdPlugin.csproj", "{F0251C31-DC1C-62C9-786D-26189BD7E667}"
EndProject
Project("{FAE04EC0-301F-11D3-BF4B-00C04F79EFBC}") = "Unity.2D.Path.Editor", "Unity.2D.Path.Editor.csproj", "{4E8A2DB5-6FA8-1988-78E1-B3E95202246F}"
EndProject
Project("{FAE04EC0-301F-11D3-BF4B-00C04F79EFBC}") = "Unity.Rider.Editor", "Unity.Rider.Editor.csproj", "{232ED28B-648A-4FF4-4A20-AF9B1AD67D84}"
EndProject
Project("{FAE04EC0-301F-11D3-BF4B-00C04F79EFBC}") = "Unity.2D.IK.Editor", "Unity.2D.IK.Editor.csproj", "{5220BA28-3B4B-1739-F846-2EF577983FD5}"
EndProject
Project("{FAE04EC0-301F-11D3-BF4B-00C04F79EFBC}") = "Unity.2D.Sprite.Editor", "Unity.2D.Sprite.Editor.csproj", "{B1F8DF81-711F-068F-A606-C2C08348A906}"
EndProject
Project("{FAE04EC0-301F-11D3-BF4B-00C04F79EFBC}") = "Unity.2D.Tilemap.Editor", "Unity.2D.Tilemap.Editor.csproj", "{7F4DAF3E-2CF1-B2FA-9E43-3D78E530E8DD}"
EndProject
Project("{FAE04EC0-301F-11D3-BF4B-00C04F79EFBC}") = "Unity.2D.PixelPerfect.Editor", "Unity.2D.PixelPerfect.Editor.csproj", "{EB870468-00D9-556C-E3FB-16C30C242644}"
EndProject
Project("{FAE04EC0-301F-11D3-BF4B-00C04F79EFBC}") = "Unity.VSCode.Editor", "Unity.VSCode.Editor.csproj", "{0294FF99-23C9-4117-2FE8-169ACA7B85C5}"
EndProject
Project("{FAE04EC0-301F-11D3-BF4B-00C04F79EFBC}") = "Unity.2D.Common.Editor", "Unity.2D.Common.Editor.csproj", "{783BABB1-A821-728E-415C-6506899CA674}"
EndProject
Project("{FAE04EC0-301F-11D3-BF4B-00C04F79EFBC}") = "Unity.Mathematics.Editor", "Unity.Mathematics.Editor.csproj", "{2928D1BB-4524-E81C-6FDE-8CF92DBA6EDF}"
EndProject
Project("{FAE04EC0-301F-11D3-BF4B-00C04F79EFBC}") = "Unity.InternalAPIEditorBridge.001", "Unity.InternalAPIEditorBridge.001.csproj", "{B7410F5D-7C32-0563-CBF4-A74595733EA3}"
EndProject
Project("{FAE04EC0-301F-11D3-BF4B-00C04F79EFBC}") = "UnityEngine.TestRunner", "UnityEngine.TestRunner.Player.csproj", "{06B7F88F-264C-AD8D-F7F0-706E71B34209}"
EndProject
Project("{FAE04EC0-301F-11D3-BF4B-00C04F79EFBC}") = "Unity.Mathematics", "Unity.Mathematics.Player.csproj", "{48DBA89E-3D6D-233C-191A-DE1352390F4C}"
EndProject
Project("{FAE04EC0-301F-11D3-BF4B-00C04F79EFBC}") = "Unity.2D.Animation.Triangle.Runtime", "Unity.2D.Animation.Triangle.Runtime.Player.csproj", "{803DC1E9-60FA-7155-5B73-B3CCC12F97E7}"
EndProject
Project("{FAE04EC0-301F-11D3-BF4B-00C04F79EFBC}") = "Unity.Timeline", "Unity.Timeline.Player.csproj", "{A9A82614-D249-74A8-56A4-814D86EF8D65}"
EndProject
Project("{FAE04EC0-301F-11D3-BF4B-00C04F79EFBC}") = "Assembly-CSharp", "Assembly-CSharp.Player.csproj", "{C90EA7D6-188A-3EDA-6D0C-5FBEB89F5D3F}"
EndProject
Project("{FAE04EC0-301F-11D3-BF4B-00C04F79EFBC}") = "UnityEngine.UI", "UnityEngine.UI.Player.csproj", "{9A35F7D8-3BF2-4C89-ADC5-7B11017652A0}"
EndProject
Project("{FAE04EC0-301F-11D3-BF4B-00C04F79EFBC}") = "Unity.TextMeshPro", "Unity.TextMeshPro.Player.csproj", "{6F5F80C8-A84F-7AE0-A74B-BBA3077B07DA}"
EndProject
Project("{FAE04EC0-301F-11D3-BF4B-00C04F79EFBC}") = "Unity.2D.Animation.Runtime", "Unity.2D.Animation.Runtime.Player.csproj", "{9D5DEF6F-0F43-CEDF-AFD2-BA963AF94FA3}"
EndProject
Project("{FAE04EC0-301F-11D3-BF4B-00C04F79EFBC}") = "Unity.2D.IK.Runtime", "Unity.2D.IK.Runtime.Player.csproj", "{B3B4731D-D3D6-B3ED-EE4F-57F953FF743F}"
EndProject
Project("{FAE04EC0-301F-11D3-BF4B-00C04F79EFBC}") = "Unity.2D.SpriteShape.Runtime", "Unity.2D.SpriteShape.Runtime.Player.csproj", "{012F02D6-242D-F01E-53CC-BD13C85500FC}"
EndProject
Project("{FAE04EC0-301F-11D3-BF4B-00C04F79EFBC}") = "Unity.2D.PixelPerfect", "Unity.2D.PixelPerfect.Player.csproj", "{85AEC742-AAC9-A1EA-86A3-EE1038AC007B}"
EndProject
Project("{FAE04EC0-301F-11D3-BF4B-00C04F79EFBC}") = "Unity.2D.Common.Runtime", "Unity.2D.Common.Runtime.Player.csproj", "{BB3E1270-B6E1-4488-19E9-99803EEA5A8E}"
EndProject
Project("{FAE04EC0-301F-11D3-BF4B-00C04F79EFBC}") = "Unity.InternalAPIEngineBridge.001", "Unity.InternalAPIEngineBridge.001.Player.csproj", "{D8CD1200-5442-06FC-AADE-9A257E917F36}"
EndProject
Global
	GlobalSection(SolutionConfigurationPlatforms) = preSolution
		Debug|Any CPU = Debug|Any CPU
		Release|Any CPU = Release|Any CPU
	EndGlobalSection
	GlobalSection(ProjectConfigurationPlatforms) = postSolution
		{02BA3F80-25EE-5ADE-5328-22575331E469}.Debug|Any CPU.ActiveCfg = Debug|Any CPU
		{02BA3F80-25EE-5ADE-5328-22575331E469}.Debug|Any CPU.Build.0 = Debug|Any CPU
		{02BA3F80-25EE-5ADE-5328-22575331E469}.Release|Any CPU.ActiveCfg = Release|Any CPU
		{02BA3F80-25EE-5ADE-5328-22575331E469}.Release|Any CPU.Build.0 = Release|Any CPU
		{8A905859-9D4B-45C5-51DF-564A858E9A62}.Debug|Any CPU.ActiveCfg = Debug|Any CPU
		{8A905859-9D4B-45C5-51DF-564A858E9A62}.Debug|Any CPU.Build.0 = Debug|Any CPU
		{8A905859-9D4B-45C5-51DF-564A858E9A62}.Release|Any CPU.ActiveCfg = Release|Any CPU
		{8A905859-9D4B-45C5-51DF-564A858E9A62}.Release|Any CPU.Build.0 = Release|Any CPU
		{E1B54807-BDFF-0958-C6F9-E52C0D18868F}.Debug|Any CPU.ActiveCfg = Debug|Any CPU
		{E1B54807-BDFF-0958-C6F9-E52C0D18868F}.Debug|Any CPU.Build.0 = Debug|Any CPU
		{E1B54807-BDFF-0958-C6F9-E52C0D18868F}.Release|Any CPU.ActiveCfg = Release|Any CPU
		{E1B54807-BDFF-0958-C6F9-E52C0D18868F}.Release|Any CPU.Build.0 = Release|Any CPU
		{80EB456F-15F0-75BB-6FE1-6AE397A4F9EA}.Debug|Any CPU.ActiveCfg = Debug|Any CPU
		{80EB456F-15F0-75BB-6FE1-6AE397A4F9EA}.Debug|Any CPU.Build.0 = Debug|Any CPU
		{80EB456F-15F0-75BB-6FE1-6AE397A4F9EA}.Release|Any CPU.ActiveCfg = Release|Any CPU
		{80EB456F-15F0-75BB-6FE1-6AE397A4F9EA}.Release|Any CPU.Build.0 = Release|Any CPU
		{B27E7F77-CFB6-408E-FDDD-ECFF02C245B4}.Debug|Any CPU.ActiveCfg = Debug|Any CPU
		{B27E7F77-CFB6-408E-FDDD-ECFF02C245B4}.Debug|Any CPU.Build.0 = Debug|Any CPU
		{B27E7F77-CFB6-408E-FDDD-ECFF02C245B4}.Release|Any CPU.ActiveCfg = Release|Any CPU
		{B27E7F77-CFB6-408E-FDDD-ECFF02C245B4}.Release|Any CPU.Build.0 = Release|Any CPU
		{724B0D5D-9ADD-4AB1-11B4-A8B0BD45A44E}.Debug|Any CPU.ActiveCfg = Debug|Any CPU
		{724B0D5D-9ADD-4AB1-11B4-A8B0BD45A44E}.Debug|Any CPU.Build.0 = Debug|Any CPU
		{724B0D5D-9ADD-4AB1-11B4-A8B0BD45A44E}.Release|Any CPU.ActiveCfg = Release|Any CPU
		{724B0D5D-9ADD-4AB1-11B4-A8B0BD45A44E}.Release|Any CPU.Build.0 = Release|Any CPU
		{E1D0D2E6-6FD9-CC1F-EA89-9F3A4249C5F4}.Debug|Any CPU.ActiveCfg = Debug|Any CPU
		{E1D0D2E6-6FD9-CC1F-EA89-9F3A4249C5F4}.Debug|Any CPU.Build.0 = Debug|Any CPU
		{E1D0D2E6-6FD9-CC1F-EA89-9F3A4249C5F4}.Release|Any CPU.ActiveCfg = Release|Any CPU
		{E1D0D2E6-6FD9-CC1F-EA89-9F3A4249C5F4}.Release|Any CPU.Build.0 = Release|Any CPU
		{FED86F69-1A09-11DF-79F3-AC921F1E214E}.Debug|Any CPU.ActiveCfg = Debug|Any CPU
		{FED86F69-1A09-11DF-79F3-AC921F1E214E}.Debug|Any CPU.Build.0 = Debug|Any CPU
		{FED86F69-1A09-11DF-79F3-AC921F1E214E}.Release|Any CPU.ActiveCfg = Release|Any CPU
		{FED86F69-1A09-11DF-79F3-AC921F1E214E}.Release|Any CPU.Build.0 = Release|Any CPU
		{C55D49C7-7CD5-B1A2-AE9E-22456CB7BF91}.Debug|Any CPU.ActiveCfg = Debug|Any CPU
		{C55D49C7-7CD5-B1A2-AE9E-22456CB7BF91}.Debug|Any CPU.Build.0 = Debug|Any CPU
		{C55D49C7-7CD5-B1A2-AE9E-22456CB7BF91}.Release|Any CPU.ActiveCfg = Release|Any CPU
		{C55D49C7-7CD5-B1A2-AE9E-22456CB7BF91}.Release|Any CPU.Build.0 = Release|Any CPU
		{14F7DC3F-43DE-F57F-E689-B976CD6FB7C1}.Debug|Any CPU.ActiveCfg = Debug|Any CPU
		{14F7DC3F-43DE-F57F-E689-B976CD6FB7C1}.Debug|Any CPU.Build.0 = Debug|Any CPU
		{14F7DC3F-43DE-F57F-E689-B976CD6FB7C1}.Release|Any CPU.ActiveCfg = Release|Any CPU
		{14F7DC3F-43DE-F57F-E689-B976CD6FB7C1}.Release|Any CPU.Build.0 = Release|Any CPU
		{EFAC07AB-5EF3-C7CD-072A-6AED6C4B5DB7}.Debug|Any CPU.ActiveCfg = Debug|Any CPU
		{EFAC07AB-5EF3-C7CD-072A-6AED6C4B5DB7}.Debug|Any CPU.Build.0 = Debug|Any CPU
		{EFAC07AB-5EF3-C7CD-072A-6AED6C4B5DB7}.Release|Any CPU.ActiveCfg = Release|Any CPU
		{EFAC07AB-5EF3-C7CD-072A-6AED6C4B5DB7}.Release|Any CPU.Build.0 = Release|Any CPU
		{10F3B3D2-5BE3-AC19-F7B2-4A3E20FB41C0}.Debug|Any CPU.ActiveCfg = Debug|Any CPU
		{10F3B3D2-5BE3-AC19-F7B2-4A3E20FB41C0}.Debug|Any CPU.Build.0 = Debug|Any CPU
		{10F3B3D2-5BE3-AC19-F7B2-4A3E20FB41C0}.Release|Any CPU.ActiveCfg = Release|Any CPU
		{10F3B3D2-5BE3-AC19-F7B2-4A3E20FB41C0}.Release|Any CPU.Build.0 = Release|Any CPU
		{251BE466-B822-A2AB-2516-A884579BF0C1}.Debug|Any CPU.ActiveCfg = Debug|Any CPU
		{251BE466-B822-A2AB-2516-A884579BF0C1}.Debug|Any CPU.Build.0 = Debug|Any CPU
		{251BE466-B822-A2AB-2516-A884579BF0C1}.Release|Any CPU.ActiveCfg = Release|Any CPU
		{251BE466-B822-A2AB-2516-A884579BF0C1}.Release|Any CPU.Build.0 = Release|Any CPU
		{7930A8A5-F16C-B609-1909-1F3DEB9B5D81}.Debug|Any CPU.ActiveCfg = Debug|Any CPU
		{7930A8A5-F16C-B609-1909-1F3DEB9B5D81}.Debug|Any CPU.Build.0 = Debug|Any CPU
		{7930A8A5-F16C-B609-1909-1F3DEB9B5D81}.Release|Any CPU.ActiveCfg = Release|Any CPU
		{7930A8A5-F16C-B609-1909-1F3DEB9B5D81}.Release|Any CPU.Build.0 = Release|Any CPU
		{ECED8160-89DE-4BE9-7AED-16C8754F831D}.Debug|Any CPU.ActiveCfg = Debug|Any CPU
		{ECED8160-89DE-4BE9-7AED-16C8754F831D}.Debug|Any CPU.Build.0 = Debug|Any CPU
		{ECED8160-89DE-4BE9-7AED-16C8754F831D}.Release|Any CPU.ActiveCfg = Release|Any CPU
		{ECED8160-89DE-4BE9-7AED-16C8754F831D}.Release|Any CPU.Build.0 = Release|Any CPU
		{6C53A211-FA37-3743-BAD2-3F1B3D56252A}.Debug|Any CPU.ActiveCfg = Debug|Any CPU
		{6C53A211-FA37-3743-BAD2-3F1B3D56252A}.Debug|Any CPU.Build.0 = Debug|Any CPU
		{6C53A211-FA37-3743-BAD2-3F1B3D56252A}.Release|Any CPU.ActiveCfg = Release|Any CPU
		{6C53A211-FA37-3743-BAD2-3F1B3D56252A}.Release|Any CPU.Build.0 = Release|Any CPU
		{428DB7E3-0030-34B7-B3AB-78906F4DBB29}.Debug|Any CPU.ActiveCfg = Debug|Any CPU
		{428DB7E3-0030-34B7-B3AB-78906F4DBB29}.Debug|Any CPU.Build.0 = Debug|Any CPU
		{428DB7E3-0030-34B7-B3AB-78906F4DBB29}.Release|Any CPU.ActiveCfg = Release|Any CPU
		{428DB7E3-0030-34B7-B3AB-78906F4DBB29}.Release|Any CPU.Build.0 = Release|Any CPU
		{4B8B4608-0AE0-974A-51DD-B59B030EF57D}.Debug|Any CPU.ActiveCfg = Debug|Any CPU
		{4B8B4608-0AE0-974A-51DD-B59B030EF57D}.Debug|Any CPU.Build.0 = Debug|Any CPU
		{4B8B4608-0AE0-974A-51DD-B59B030EF57D}.Release|Any CPU.ActiveCfg = Release|Any CPU
		{4B8B4608-0AE0-974A-51DD-B59B030EF57D}.Release|Any CPU.Build.0 = Release|Any CPU
		{836AFB86-AEB7-5C21-CA59-6AE4699F0EBB}.Debug|Any CPU.ActiveCfg = Debug|Any CPU
		{836AFB86-AEB7-5C21-CA59-6AE4699F0EBB}.Debug|Any CPU.Build.0 = Debug|Any CPU
		{836AFB86-AEB7-5C21-CA59-6AE4699F0EBB}.Release|Any CPU.ActiveCfg = Release|Any CPU
		{836AFB86-AEB7-5C21-CA59-6AE4699F0EBB}.Release|Any CPU.Build.0 = Release|Any CPU
		{2126B402-A74D-1E82-1CF0-3662ADD02FE9}.Debug|Any CPU.ActiveCfg = Debug|Any CPU
		{2126B402-A74D-1E82-1CF0-3662ADD02FE9}.Debug|Any CPU.Build.0 = Debug|Any CPU
		{2126B402-A74D-1E82-1CF0-3662ADD02FE9}.Release|Any CPU.ActiveCfg = Release|Any CPU
		{2126B402-A74D-1E82-1CF0-3662ADD02FE9}.Release|Any CPU.Build.0 = Release|Any CPU
		{FF13C74B-8301-8C71-1D98-74C9A0FB4D3D}.Debug|Any CPU.ActiveCfg = Debug|Any CPU
		{FF13C74B-8301-8C71-1D98-74C9A0FB4D3D}.Debug|Any CPU.Build.0 = Debug|Any CPU
		{FF13C74B-8301-8C71-1D98-74C9A0FB4D3D}.Release|Any CPU.ActiveCfg = Release|Any CPU
		{FF13C74B-8301-8C71-1D98-74C9A0FB4D3D}.Release|Any CPU.Build.0 = Release|Any CPU
		{348E08E8-7D9A-6406-35CD-BB04DC3ABF3A}.Debug|Any CPU.ActiveCfg = Debug|Any CPU
		{348E08E8-7D9A-6406-35CD-BB04DC3ABF3A}.Debug|Any CPU.Build.0 = Debug|Any CPU
		{348E08E8-7D9A-6406-35CD-BB04DC3ABF3A}.Release|Any CPU.ActiveCfg = Release|Any CPU
		{348E08E8-7D9A-6406-35CD-BB04DC3ABF3A}.Release|Any CPU.Build.0 = Release|Any CPU
		{D5940022-7FEC-C391-B2BD-16C32B225910}.Debug|Any CPU.ActiveCfg = Debug|Any CPU
		{D5940022-7FEC-C391-B2BD-16C32B225910}.Debug|Any CPU.Build.0 = Debug|Any CPU
		{D5940022-7FEC-C391-B2BD-16C32B225910}.Release|Any CPU.ActiveCfg = Release|Any CPU
		{D5940022-7FEC-C391-B2BD-16C32B225910}.Release|Any CPU.Build.0 = Release|Any CPU
		{97B56611-D91B-D6C2-F5CD-7894FC5D9E51}.Debug|Any CPU.ActiveCfg = Debug|Any CPU
		{97B56611-D91B-D6C2-F5CD-7894FC5D9E51}.Debug|Any CPU.Build.0 = Debug|Any CPU
		{97B56611-D91B-D6C2-F5CD-7894FC5D9E51}.Release|Any CPU.ActiveCfg = Release|Any CPU
		{97B56611-D91B-D6C2-F5CD-7894FC5D9E51}.Release|Any CPU.Build.0 = Release|Any CPU
		{F0251C31-DC1C-62C9-786D-26189BD7E667}.Debug|Any CPU.ActiveCfg = Debug|Any CPU
		{F0251C31-DC1C-62C9-786D-26189BD7E667}.Debug|Any CPU.Build.0 = Debug|Any CPU
		{F0251C31-DC1C-62C9-786D-26189BD7E667}.Release|Any CPU.ActiveCfg = Release|Any CPU
		{F0251C31-DC1C-62C9-786D-26189BD7E667}.Release|Any CPU.Build.0 = Release|Any CPU
		{4E8A2DB5-6FA8-1988-78E1-B3E95202246F}.Debug|Any CPU.ActiveCfg = Debug|Any CPU
		{4E8A2DB5-6FA8-1988-78E1-B3E95202246F}.Debug|Any CPU.Build.0 = Debug|Any CPU
		{4E8A2DB5-6FA8-1988-78E1-B3E95202246F}.Release|Any CPU.ActiveCfg = Release|Any CPU
		{4E8A2DB5-6FA8-1988-78E1-B3E95202246F}.Release|Any CPU.Build.0 = Release|Any CPU
		{232ED28B-648A-4FF4-4A20-AF9B1AD67D84}.Debug|Any CPU.ActiveCfg = Debug|Any CPU
		{232ED28B-648A-4FF4-4A20-AF9B1AD67D84}.Debug|Any CPU.Build.0 = Debug|Any CPU
		{232ED28B-648A-4FF4-4A20-AF9B1AD67D84}.Release|Any CPU.ActiveCfg = Release|Any CPU
		{232ED28B-648A-4FF4-4A20-AF9B1AD67D84}.Release|Any CPU.Build.0 = Release|Any CPU
		{5220BA28-3B4B-1739-F846-2EF577983FD5}.Debug|Any CPU.ActiveCfg = Debug|Any CPU
		{5220BA28-3B4B-1739-F846-2EF577983FD5}.Debug|Any CPU.Build.0 = Debug|Any CPU
		{5220BA28-3B4B-1739-F846-2EF577983FD5}.Release|Any CPU.ActiveCfg = Release|Any CPU
		{5220BA28-3B4B-1739-F846-2EF577983FD5}.Release|Any CPU.Build.0 = Release|Any CPU
		{B1F8DF81-711F-068F-A606-C2C08348A906}.Debug|Any CPU.ActiveCfg = Debug|Any CPU
		{B1F8DF81-711F-068F-A606-C2C08348A906}.Debug|Any CPU.Build.0 = Debug|Any CPU
		{B1F8DF81-711F-068F-A606-C2C08348A906}.Release|Any CPU.ActiveCfg = Release|Any CPU
		{B1F8DF81-711F-068F-A606-C2C08348A906}.Release|Any CPU.Build.0 = Release|Any CPU
		{7F4DAF3E-2CF1-B2FA-9E43-3D78E530E8DD}.Debug|Any CPU.ActiveCfg = Debug|Any CPU
		{7F4DAF3E-2CF1-B2FA-9E43-3D78E530E8DD}.Debug|Any CPU.Build.0 = Debug|Any CPU
		{7F4DAF3E-2CF1-B2FA-9E43-3D78E530E8DD}.Release|Any CPU.ActiveCfg = Release|Any CPU
		{7F4DAF3E-2CF1-B2FA-9E43-3D78E530E8DD}.Release|Any CPU.Build.0 = Release|Any CPU
		{EB870468-00D9-556C-E3FB-16C30C242644}.Debug|Any CPU.ActiveCfg = Debug|Any CPU
		{EB870468-00D9-556C-E3FB-16C30C242644}.Debug|Any CPU.Build.0 = Debug|Any CPU
		{EB870468-00D9-556C-E3FB-16C30C242644}.Release|Any CPU.ActiveCfg = Release|Any CPU
		{EB870468-00D9-556C-E3FB-16C30C242644}.Release|Any CPU.Build.0 = Release|Any CPU
		{0294FF99-23C9-4117-2FE8-169ACA7B85C5}.Debug|Any CPU.ActiveCfg = Debug|Any CPU
		{0294FF99-23C9-4117-2FE8-169ACA7B85C5}.Debug|Any CPU.Build.0 = Debug|Any CPU
		{0294FF99-23C9-4117-2FE8-169ACA7B85C5}.Release|Any CPU.ActiveCfg = Release|Any CPU
		{0294FF99-23C9-4117-2FE8-169ACA7B85C5}.Release|Any CPU.Build.0 = Release|Any CPU
		{783BABB1-A821-728E-415C-6506899CA674}.Debug|Any CPU.ActiveCfg = Debug|Any CPU
		{783BABB1-A821-728E-415C-6506899CA674}.Debug|Any CPU.Build.0 = Debug|Any CPU
		{783BABB1-A821-728E-415C-6506899CA674}.Release|Any CPU.ActiveCfg = Release|Any CPU
		{783BABB1-A821-728E-415C-6506899CA674}.Release|Any CPU.Build.0 = Release|Any CPU
		{2928D1BB-4524-E81C-6FDE-8CF92DBA6EDF}.Debug|Any CPU.ActiveCfg = Debug|Any CPU
		{2928D1BB-4524-E81C-6FDE-8CF92DBA6EDF}.Debug|Any CPU.Build.0 = Debug|Any CPU
		{2928D1BB-4524-E81C-6FDE-8CF92DBA6EDF}.Release|Any CPU.ActiveCfg = Release|Any CPU
		{2928D1BB-4524-E81C-6FDE-8CF92DBA6EDF}.Release|Any CPU.Build.0 = Release|Any CPU
		{B7410F5D-7C32-0563-CBF4-A74595733EA3}.Debug|Any CPU.ActiveCfg = Debug|Any CPU
		{B7410F5D-7C32-0563-CBF4-A74595733EA3}.Debug|Any CPU.Build.0 = Debug|Any CPU
		{B7410F5D-7C32-0563-CBF4-A74595733EA3}.Release|Any CPU.ActiveCfg = Release|Any CPU
		{B7410F5D-7C32-0563-CBF4-A74595733EA3}.Release|Any CPU.Build.0 = Release|Any CPU
		{06B7F88F-264C-AD8D-F7F0-706E71B34209}.Debug|Any CPU.ActiveCfg = Debug|Any CPU
		{06B7F88F-264C-AD8D-F7F0-706E71B34209}.Debug|Any CPU.Build.0 = Debug|Any CPU
		{06B7F88F-264C-AD8D-F7F0-706E71B34209}.Release|Any CPU.ActiveCfg = Release|Any CPU
		{06B7F88F-264C-AD8D-F7F0-706E71B34209}.Release|Any CPU.Build.0 = Release|Any CPU
		{48DBA89E-3D6D-233C-191A-DE1352390F4C}.Debug|Any CPU.ActiveCfg = Debug|Any CPU
		{48DBA89E-3D6D-233C-191A-DE1352390F4C}.Debug|Any CPU.Build.0 = Debug|Any CPU
		{48DBA89E-3D6D-233C-191A-DE1352390F4C}.Release|Any CPU.ActiveCfg = Release|Any CPU
		{48DBA89E-3D6D-233C-191A-DE1352390F4C}.Release|Any CPU.Build.0 = Release|Any CPU
		{803DC1E9-60FA-7155-5B73-B3CCC12F97E7}.Debug|Any CPU.ActiveCfg = Debug|Any CPU
		{803DC1E9-60FA-7155-5B73-B3CCC12F97E7}.Debug|Any CPU.Build.0 = Debug|Any CPU
		{803DC1E9-60FA-7155-5B73-B3CCC12F97E7}.Release|Any CPU.ActiveCfg = Release|Any CPU
		{803DC1E9-60FA-7155-5B73-B3CCC12F97E7}.Release|Any CPU.Build.0 = Release|Any CPU
		{A9A82614-D249-74A8-56A4-814D86EF8D65}.Debug|Any CPU.ActiveCfg = Debug|Any CPU
		{A9A82614-D249-74A8-56A4-814D86EF8D65}.Debug|Any CPU.Build.0 = Debug|Any CPU
		{A9A82614-D249-74A8-56A4-814D86EF8D65}.Release|Any CPU.ActiveCfg = Release|Any CPU
		{A9A82614-D249-74A8-56A4-814D86EF8D65}.Release|Any CPU.Build.0 = Release|Any CPU
		{C90EA7D6-188A-3EDA-6D0C-5FBEB89F5D3F}.Debug|Any CPU.ActiveCfg = Debug|Any CPU
		{C90EA7D6-188A-3EDA-6D0C-5FBEB89F5D3F}.Debug|Any CPU.Build.0 = Debug|Any CPU
		{C90EA7D6-188A-3EDA-6D0C-5FBEB89F5D3F}.Release|Any CPU.ActiveCfg = Release|Any CPU
		{C90EA7D6-188A-3EDA-6D0C-5FBEB89F5D3F}.Release|Any CPU.Build.0 = Release|Any CPU
		{9A35F7D8-3BF2-4C89-ADC5-7B11017652A0}.Debug|Any CPU.ActiveCfg = Debug|Any CPU
		{9A35F7D8-3BF2-4C89-ADC5-7B11017652A0}.Debug|Any CPU.Build.0 = Debug|Any CPU
		{9A35F7D8-3BF2-4C89-ADC5-7B11017652A0}.Release|Any CPU.ActiveCfg = Release|Any CPU
		{9A35F7D8-3BF2-4C89-ADC5-7B11017652A0}.Release|Any CPU.Build.0 = Release|Any CPU
		{6F5F80C8-A84F-7AE0-A74B-BBA3077B07DA}.Debug|Any CPU.ActiveCfg = Debug|Any CPU
		{6F5F80C8-A84F-7AE0-A74B-BBA3077B07DA}.Debug|Any CPU.Build.0 = Debug|Any CPU
		{6F5F80C8-A84F-7AE0-A74B-BBA3077B07DA}.Release|Any CPU.ActiveCfg = Release|Any CPU
		{6F5F80C8-A84F-7AE0-A74B-BBA3077B07DA}.Release|Any CPU.Build.0 = Release|Any CPU
		{9D5DEF6F-0F43-CEDF-AFD2-BA963AF94FA3}.Debug|Any CPU.ActiveCfg = Debug|Any CPU
		{9D5DEF6F-0F43-CEDF-AFD2-BA963AF94FA3}.Debug|Any CPU.Build.0 = Debug|Any CPU
		{9D5DEF6F-0F43-CEDF-AFD2-BA963AF94FA3}.Release|Any CPU.ActiveCfg = Release|Any CPU
		{9D5DEF6F-0F43-CEDF-AFD2-BA963AF94FA3}.Release|Any CPU.Build.0 = Release|Any CPU
		{B3B4731D-D3D6-B3ED-EE4F-57F953FF743F}.Debug|Any CPU.ActiveCfg = Debug|Any CPU
		{B3B4731D-D3D6-B3ED-EE4F-57F953FF743F}.Debug|Any CPU.Build.0 = Debug|Any CPU
		{B3B4731D-D3D6-B3ED-EE4F-57F953FF743F}.Release|Any CPU.ActiveCfg = Release|Any CPU
		{B3B4731D-D3D6-B3ED-EE4F-57F953FF743F}.Release|Any CPU.Build.0 = Release|Any CPU
		{012F02D6-242D-F01E-53CC-BD13C85500FC}.Debug|Any CPU.ActiveCfg = Debug|Any CPU
		{012F02D6-242D-F01E-53CC-BD13C85500FC}.Debug|Any CPU.Build.0 = Debug|Any CPU
		{012F02D6-242D-F01E-53CC-BD13C85500FC}.Release|Any CPU.ActiveCfg = Release|Any CPU
		{012F02D6-242D-F01E-53CC-BD13C85500FC}.Release|Any CPU.Build.0 = Release|Any CPU
		{85AEC742-AAC9-A1EA-86A3-EE1038AC007B}.Debug|Any CPU.ActiveCfg = Debug|Any CPU
		{85AEC742-AAC9-A1EA-86A3-EE1038AC007B}.Debug|Any CPU.Build.0 = Debug|Any CPU
		{85AEC742-AAC9-A1EA-86A3-EE1038AC007B}.Release|Any CPU.ActiveCfg = Release|Any CPU
		{85AEC742-AAC9-A1EA-86A3-EE1038AC007B}.Release|Any CPU.Build.0 = Release|Any CPU
		{BB3E1270-B6E1-4488-19E9-99803EEA5A8E}.Debug|Any CPU.ActiveCfg = Debug|Any CPU
		{BB3E1270-B6E1-4488-19E9-99803EEA5A8E}.Debug|Any CPU.Build.0 = Debug|Any CPU
		{BB3E1270-B6E1-4488-19E9-99803EEA5A8E}.Release|Any CPU.ActiveCfg = Release|Any CPU
		{BB3E1270-B6E1-4488-19E9-99803EEA5A8E}.Release|Any CPU.Build.0 = Release|Any CPU
		{D8CD1200-5442-06FC-AADE-9A257E917F36}.Debug|Any CPU.ActiveCfg = Debug|Any CPU
		{D8CD1200-5442-06FC-AADE-9A257E917F36}.Debug|Any CPU.Build.0 = Debug|Any CPU
		{D8CD1200-5442-06FC-AADE-9A257E917F36}.Release|Any CPU.ActiveCfg = Release|Any CPU
		{D8CD1200-5442-06FC-AADE-9A257E917F36}.Release|Any CPU.Build.0 = Release|Any CPU
	EndGlobalSection
	GlobalSection(SolutionProperties) = preSolution
		HideSolutionNode = FALSE
	EndGlobalSection
EndGlobal
